
Microsoft Visual Studio Solution File, Format Version 12.00
# Visual Studio Version 16
VisualStudioVersion = 16.0.31112.23
MinimumVisualStudioVersion = 10.0.40219.1
Project("{FAE04EC0-301F-11D3-BF4B-00C04F79EFBC}") = "XemDSSach", "XemDSSach\XemDSSach.csproj", "{9583B6CA-C43F-444C-BA31-67B5AB4C38D8}"
EndProject
Global
	GlobalSection(SolutionConfigurationPlatforms) = preSolution
		Debug|Any CPU = Debug|Any CPU
		Release|Any CPU = Release|Any CPU
	EndGlobalSection
	GlobalSection(ProjectConfigurationPlatforms) = postSolution
		{9583B6CA-C43F-444C-BA31-67B5AB4C38D8}.Debug|Any CPU.ActiveCfg = Debug|Any CPU
		{9583B6CA-C43F-444C-BA31-67B5AB4C38D8}.Debug|Any CPU.Build.0 = Debug|Any CPU
		{9583B6CA-C43F-444C-BA31-67B5AB4C38D8}.Release|Any CPU.ActiveCfg = Release|Any CPU
		{9583B6CA-C43F-444C-BA31-67B5AB4C38D8}.Release|Any CPU.Build.0 = Release|Any CPU
	EndGlobalSection
	GlobalSection(SolutionProperties) = preSolution
		HideSolutionNode = FALSE
	EndGlobalSection
	GlobalSection(ExtensibilityGlobals) = postSolution
		SolutionGuid = {5B1B687B-DC9E-43C0-83C2-163C505D0C20}
	EndGlobalSection
EndGlobal
